
Microsoft Visual Studio Solution File, Format Version 12.00
# Visual Studio 2012
Project("{FAE04EC0-301F-11D3-BF4B-00C04F79EFBC}") = "MonoGameSetupTutorial", "MonoGameSetupTutorial\MonoGameSetupTutorial.csproj", "{29DD7064-2091-4022-80C8-735DFB98F712}"
EndProject
Global
	GlobalSection(SolutionConfigurationPlatforms) = preSolution
		Debug|x86 = Debug|x86
		Release|x86 = Release|x86
	EndGlobalSection
	GlobalSection(ProjectConfigurationPlatforms) = postSolution
		{29DD7064-2091-4022-80C8-735DFB98F712}.Debug|x86.ActiveCfg = Debug|x86
		{29DD7064-2091-4022-80C8-735DFB98F712}.Debug|x86.Build.0 = Debug|x86
		{29DD7064-2091-4022-80C8-735DFB98F712}.Release|x86.ActiveCfg = Release|x86
		{29DD7064-2091-4022-80C8-735DFB98F712}.Release|x86.Build.0 = Release|x86
	EndGlobalSection
	GlobalSection(SolutionProperties) = preSolution
		HideSolutionNode = FALSE
	EndGlobalSection
EndGlobal
